// !$*UTF8*$!
{
	archiveVersion = 1;
	classes = {
	};
	objectVersion = 56;
	objects = {

/* Begin PBXBuildFile section */
		5D284F1411B6A6B9640EB230 /* Pods_chatCat.framework in Frameworks */ = {isa = PBXBuildFile; fileRef = A6946107FA267C1BA6FF2418 /* Pods_chatCat.framework */; };
		B20158522A7B8EF90010A592 /* StartFreeViewController.swift in Sources */ = {isa = PBXBuildFile; fileRef = B20158512A7B8EF90010A592 /* StartFreeViewController.swift */; };
		B20158542A7B8F500010A592 /* StartFreeViewController.xib in Resources */ = {isa = PBXBuildFile; fileRef = B20158532A7B8F500010A592 /* StartFreeViewController.xib */; };
		B20158572A7B912E0010A592 /* PageControl.swift in Sources */ = {isa = PBXBuildFile; fileRef = B20158562A7B912E0010A592 /* PageControl.swift */; };
		B201585A2A7BC4CB0010A592 /* StickerView.swift in Sources */ = {isa = PBXBuildFile; fileRef = B20158592A7BC4CB0010A592 /* StickerView.swift */; };
		B201585C2A7BC4DD0010A592 /* StickerView.xib in Resources */ = {isa = PBXBuildFile; fileRef = B201585B2A7BC4DD0010A592 /* StickerView.xib */; };
		B201585F2A7BD4EC0010A592 /* CustomViewCell.swift in Sources */ = {isa = PBXBuildFile; fileRef = B201585E2A7BD4EC0010A592 /* CustomViewCell.swift */; };
		B20158612A7BD5060010A592 /* CustomViewCell.xib in Resources */ = {isa = PBXBuildFile; fileRef = B20158602A7BD5060010A592 /* CustomViewCell.xib */; };
		B205B6792A80FE7E00A50C18 /* FirebaseAnalytics in Frameworks */ = {isa = PBXBuildFile; productRef = B205B6782A80FE7E00A50C18 /* FirebaseAnalytics */; };
		B205B67B2A80FE7E00A50C18 /* FirebaseAnalyticsOnDeviceConversion in Frameworks */ = {isa = PBXBuildFile; productRef = B205B67A2A80FE7E00A50C18 /* FirebaseAnalyticsOnDeviceConversion */; };
		B205B67D2A80FE7E00A50C18 /* FirebaseAnalyticsSwift in Frameworks */ = {isa = PBXBuildFile; productRef = B205B67C2A80FE7E00A50C18 /* FirebaseAnalyticsSwift */; };
		B205B67F2A80FE7E00A50C18 /* FirebaseAnalyticsWithoutAdIdSupport in Frameworks */ = {isa = PBXBuildFile; productRef = B205B67E2A80FE7E00A50C18 /* FirebaseAnalyticsWithoutAdIdSupport */; };
		B205B6822A80FFC100A50C18 /* AnalyticsManager.swift in Sources */ = {isa = PBXBuildFile; fileRef = B205B6812A80FFC100A50C18 /* AnalyticsManager.swift */; };
		B205B6882A810E3F00A50C18 /* GoogleService-Info.plist in Resources */ = {isa = PBXBuildFile; fileRef = B205B6872A810E3F00A50C18 /* GoogleService-Info.plist */; };
		B215B8982A78FF290064B483 /* AppDelegate.swift in Sources */ = {isa = PBXBuildFile; fileRef = B215B8972A78FF290064B483 /* AppDelegate.swift */; };
		B215B89A2A78FF290064B483 /* SceneDelegate.swift in Sources */ = {isa = PBXBuildFile; fileRef = B215B8992A78FF290064B483 /* SceneDelegate.swift */; };
		B215B8A12A78FF2C0064B483 /* Assets.xcassets in Resources */ = {isa = PBXBuildFile; fileRef = B215B8A02A78FF2C0064B483 /* Assets.xcassets */; };
		B215B8A42A78FF2C0064B483 /* LaunchScreen.storyboard in Resources */ = {isa = PBXBuildFile; fileRef = B215B8A22A78FF2C0064B483 /* LaunchScreen.storyboard */; };
		B215B8B12A79009A0064B483 /* R.swift in Sources */ = {isa = PBXBuildFile; fileRef = B215B8B02A79009A0064B483 /* R.swift */; };
		B215B8B42A7900DE0064B483 /* UIColor+Ext.swift in Sources */ = {isa = PBXBuildFile; fileRef = B215B8B32A7900DE0064B483 /* UIColor+Ext.swift */; };
		B215B8C92A7924F40064B483 /* TabBarController.swift in Sources */ = {isa = PBXBuildFile; fileRef = B215B8C82A7924F40064B483 /* TabBarController.swift */; };
		B215B8CB2A7929280064B483 /* ChatViewController.swift in Sources */ = {isa = PBXBuildFile; fileRef = B215B8CA2A7929280064B483 /* ChatViewController.swift */; };
		B215B8CD2A7929800064B483 /* EmotionsViewController.swift in Sources */ = {isa = PBXBuildFile; fileRef = B215B8CC2A7929800064B483 /* EmotionsViewController.swift */; };
		B215B8CF2A7929EA0064B483 /* NotesViewController.swift in Sources */ = {isa = PBXBuildFile; fileRef = B215B8CE2A7929EA0064B483 /* NotesViewController.swift */; };
		B215B8D12A792A4E0064B483 /* WhistleViewController.swift in Sources */ = {isa = PBXBuildFile; fileRef = B215B8D02A792A4E0064B483 /* WhistleViewController.swift */; };
		B215B8D62A7937ED0064B483 /* WhistleViewController.xib in Resources */ = {isa = PBXBuildFile; fileRef = B215B8D52A7937ED0064B483 /* WhistleViewController.xib */; };
		B215B8D82A793FFB0064B483 /* DirectionViewController.swift in Sources */ = {isa = PBXBuildFile; fileRef = B215B8D72A793FFB0064B483 /* DirectionViewController.swift */; };
		B215B8DE2A7940940064B483 /* DirectionViewController.xib in Resources */ = {isa = PBXBuildFile; fileRef = B215B8DD2A7940940064B483 /* DirectionViewController.xib */; };
		B215B8E02A794C340064B483 /* NotesViewController.xib in Resources */ = {isa = PBXBuildFile; fileRef = B215B8DF2A794C340064B483 /* NotesViewController.xib */; };
		B215B8E22A795DFC0064B483 /* ChatViewController.xib in Resources */ = {isa = PBXBuildFile; fileRef = B215B8E12A795DFC0064B483 /* ChatViewController.xib */; };
		B215B8EA2A795F3F0064B483 /* UIView+Ext.swift in Sources */ = {isa = PBXBuildFile; fileRef = B215B8E92A795F3F0064B483 /* UIView+Ext.swift */; };
		B275F13F2A7FB70F008BBB4A /* StorageManager.swift in Sources */ = {isa = PBXBuildFile; fileRef = B275F13E2A7FB70F008BBB4A /* StorageManager.swift */; };
		B29740B92A798A5D00DE1785 /* AVArela.ttf in Resources */ = {isa = PBXBuildFile; fileRef = B29740B82A798A5D00DE1785 /* AVArela.ttf */; };
		B29740C12A799B1C00DE1785 /* OnbodingPageViewController.swift in Sources */ = {isa = PBXBuildFile; fileRef = B29740C02A799B1C00DE1785 /* OnbodingPageViewController.swift */; };
		B29740C42A7A318B00DE1785 /* SettingsViewController.swift in Sources */ = {isa = PBXBuildFile; fileRef = B29740C32A7A318B00DE1785 /* SettingsViewController.swift */; };
		B29740C62A7A321E00DE1785 /* SettingsViewController.xib in Resources */ = {isa = PBXBuildFile; fileRef = B29740C52A7A321E00DE1785 /* SettingsViewController.xib */; };
		B29740C92A7A42EA00DE1785 /* NavBarView.swift in Sources */ = {isa = PBXBuildFile; fileRef = B29740C82A7A42EA00DE1785 /* NavBarView.swift */; };
		B29740CC2A7A430200DE1785 /* NavBarView.xib in Resources */ = {isa = PBXBuildFile; fileRef = B29740CB2A7A430200DE1785 /* NavBarView.xib */; };
		B29740CE2A7A474400DE1785 /* EmotionsViewController.xib in Resources */ = {isa = PBXBuildFile; fileRef = B29740CD2A7A474400DE1785 /* EmotionsViewController.xib */; };
		B29740D22A7A4E4A00DE1785 /* ShadowView.swift in Sources */ = {isa = PBXBuildFile; fileRef = B29740D12A7A4E4A00DE1785 /* ShadowView.swift */; };
		B29740D42A7A4F1500DE1785 /* ShadowView.xib in Resources */ = {isa = PBXBuildFile; fileRef = B29740D32A7A4F1500DE1785 /* ShadowView.xib */; };
		B29740D72A7A53C200DE1785 /* EmotionView.swift in Sources */ = {isa = PBXBuildFile; fileRef = B29740D62A7A53C200DE1785 /* EmotionView.swift */; };
		B29740D92A7A552B00DE1785 /* EmotionView.xib in Resources */ = {isa = PBXBuildFile; fileRef = B29740D82A7A552B00DE1785 /* EmotionView.xib */; };
		B29740DE2A7A633C00DE1785 /* ViewCollectionCell.swift in Sources */ = {isa = PBXBuildFile; fileRef = B29740DD2A7A633C00DE1785 /* ViewCollectionCell.swift */; };
		B29740E02A7A7A1D00DE1785 /* VoiceViewController.swift in Sources */ = {isa = PBXBuildFile; fileRef = B29740DF2A7A7A1D00DE1785 /* VoiceViewController.swift */; };
		B29740E42A7A7AB500DE1785 /* VoiceViewController.xib in Resources */ = {isa = PBXBuildFile; fileRef = B29740E32A7A7AB500DE1785 /* VoiceViewController.xib */; };
		B29741102A7AD26500DE1785 /* OnbordingBaseController.swift in Sources */ = {isa = PBXBuildFile; fileRef = B297410F2A7AD26500DE1785 /* OnbordingBaseController.swift */; };
		B29741122A7AD29300DE1785 /* OnbordingBaseController.xib in Resources */ = {isa = PBXBuildFile; fileRef = B29741112A7AD29300DE1785 /* OnbordingBaseController.xib */; };
		B29C7E7E2A7D04F0007760A8 /* Voices.swift in Sources */ = {isa = PBXBuildFile; fileRef = B29C7E7D2A7D04F0007760A8 /* Voices.swift */; };
		B29C7E812A7D1CEC007760A8 /* AudioManager.swift in Sources */ = {isa = PBXBuildFile; fileRef = B29C7E802A7D1CEC007760A8 /* AudioManager.swift */; };
		B29C7E832A7D2261007760A8 /* svist.mp3 in Resources */ = {isa = PBXBuildFile; fileRef = B29C7E822A7D2261007760A8 /* svist.mp3 */; };
		B29DF55D2A7E3A7100639777 /* PageControl.xib in Resources */ = {isa = PBXBuildFile; fileRef = B29DF55C2A7E3A7100639777 /* PageControl.xib */; };
		B29DF5602A7E3CFF00639777 /* PreviewViewController.swift in Sources */ = {isa = PBXBuildFile; fileRef = B29DF55F2A7E3CFF00639777 /* PreviewViewController.swift */; };
		B2AF51462A83D335001E0EAB /* PreviewViewController.xib in Resources */ = {isa = PBXBuildFile; fileRef = B2AF51452A83D335001E0EAB /* PreviewViewController.xib */; };
		B2E1C9452A839F6B00CA00C7 /* 3.m4a in Resources */ = {isa = PBXBuildFile; fileRef = B2E1C9302A839F6500CA00C7 /* 3.m4a */; };
		B2E1C9462A839F6B00CA00C7 /* 14.m4a in Resources */ = {isa = PBXBuildFile; fileRef = B2E1C9312A839F6600CA00C7 /* 14.m4a */; };
		B2E1C9472A839F6B00CA00C7 /* 10.m4a in Resources */ = {isa = PBXBuildFile; fileRef = B2E1C9322A839F6600CA00C7 /* 10.m4a */; };
		B2E1C9482A839F6B00CA00C7 /* 13.m4a in Resources */ = {isa = PBXBuildFile; fileRef = B2E1C9332A839F6600CA00C7 /* 13.m4a */; };
		B2E1C9492A839F6B00CA00C7 /* 19.m4a in Resources */ = {isa = PBXBuildFile; fileRef = B2E1C9342A839F6600CA00C7 /* 19.m4a */; };
		B2E1C94A2A839F6B00CA00C7 /* 20.m4a in Resources */ = {isa = PBXBuildFile; fileRef = B2E1C9352A839F6700CA00C7 /* 20.m4a */; };
		B2E1C94B2A839F6B00CA00C7 /* 15.m4a in Resources */ = {isa = PBXBuildFile; fileRef = B2E1C9362A839F6700CA00C7 /* 15.m4a */; };
		B2E1C94C2A839F6B00CA00C7 /* 12.m4a in Resources */ = {isa = PBXBuildFile; fileRef = B2E1C9372A839F6700CA00C7 /* 12.m4a */; };
		B2E1C94D2A839F6B00CA00C7 /* 6.m4a in Resources */ = {isa = PBXBuildFile; fileRef = B2E1C9382A839F6700CA00C7 /* 6.m4a */; };
		B2E1C94E2A839F6B00CA00C7 /* 18.m4a in Resources */ = {isa = PBXBuildFile; fileRef = B2E1C9392A839F6800CA00C7 /* 18.m4a */; };
		B2E1C94F2A839F6B00CA00C7 /* 16.m4a in Resources */ = {isa = PBXBuildFile; fileRef = B2E1C93A2A839F6800CA00C7 /* 16.m4a */; };
		B2E1C9502A839F6B00CA00C7 /* 1.m4a in Resources */ = {isa = PBXBuildFile; fileRef = B2E1C93B2A839F6800CA00C7 /* 1.m4a */; };
		B2E1C9512A839F6B00CA00C7 /* 9.m4a in Resources */ = {isa = PBXBuildFile; fileRef = B2E1C93C2A839F6800CA00C7 /* 9.m4a */; };
		B2E1C9522A839F6B00CA00C7 /* 4.m4a in Resources */ = {isa = PBXBuildFile; fileRef = B2E1C93D2A839F6900CA00C7 /* 4.m4a */; };
		B2E1C9532A839F6B00CA00C7 /* 17.m4a in Resources */ = {isa = PBXBuildFile; fileRef = B2E1C93E2A839F6900CA00C7 /* 17.m4a */; };
		B2E1C9542A839F6B00CA00C7 /* 8.m4a in Resources */ = {isa = PBXBuildFile; fileRef = B2E1C93F2A839F6900CA00C7 /* 8.m4a */; };
		B2E1C9552A839F6B00CA00C7 /* 7.m4a in Resources */ = {isa = PBXBuildFile; fileRef = B2E1C9402A839F6A00CA00C7 /* 7.m4a */; };
		B2E1C9562A839F6B00CA00C7 /* 11.m4a in Resources */ = {isa = PBXBuildFile; fileRef = B2E1C9412A839F6A00CA00C7 /* 11.m4a */; };
		B2E1C9572A839F6B00CA00C7 /* 21.m4a in Resources */ = {isa = PBXBuildFile; fileRef = B2E1C9422A839F6A00CA00C7 /* 21.m4a */; };
		B2E1C9582A839F6B00CA00C7 /* 5.m4a in Resources */ = {isa = PBXBuildFile; fileRef = B2E1C9432A839F6A00CA00C7 /* 5.m4a */; };
		B2E1C9592A839F6B00CA00C7 /* 2.m4a in Resources */ = {isa = PBXBuildFile; fileRef = B2E1C9442A839F6B00CA00C7 /* 2.m4a */; };
		B2FE44382A83CFFA000F05FF /* cat_loader.json in Resources */ = {isa = PBXBuildFile; fileRef = B2FE44372A83CFFA000F05FF /* cat_loader.json */; };
/* End PBXBuildFile section */

/* Begin PBXFileReference section */
		2F1D1FE4AB3EE7B62E2DA72A /* Pods-chatCat.release.xcconfig */ = {isa = PBXFileReference; includeInIndex = 1; lastKnownFileType = text.xcconfig; name = "Pods-chatCat.release.xcconfig"; path = "Target Support Files/Pods-chatCat/Pods-chatCat.release.xcconfig"; sourceTree = "<group>"; };
		8D4039A975D6C08DBBACBDE9 /* Pods-chatCat.debug.xcconfig */ = {isa = PBXFileReference; includeInIndex = 1; lastKnownFileType = text.xcconfig; name = "Pods-chatCat.debug.xcconfig"; path = "Target Support Files/Pods-chatCat/Pods-chatCat.debug.xcconfig"; sourceTree = "<group>"; };
		A6946107FA267C1BA6FF2418 /* Pods_chatCat.framework */ = {isa = PBXFileReference; explicitFileType = wrapper.framework; includeInIndex = 0; path = Pods_chatCat.framework; sourceTree = BUILT_PRODUCTS_DIR; };
		B20158512A7B8EF90010A592 /* StartFreeViewController.swift */ = {isa = PBXFileReference; lastKnownFileType = sourcecode.swift; path = StartFreeViewController.swift; sourceTree = "<group>"; };
		B20158532A7B8F500010A592 /* StartFreeViewController.xib */ = {isa = PBXFileReference; lastKnownFileType = file.xib; path = StartFreeViewController.xib; sourceTree = "<group>"; };
		B20158562A7B912E0010A592 /* PageControl.swift */ = {isa = PBXFileReference; lastKnownFileType = sourcecode.swift; path = PageControl.swift; sourceTree = "<group>"; };
		B20158592A7BC4CB0010A592 /* StickerView.swift */ = {isa = PBXFileReference; lastKnownFileType = sourcecode.swift; path = StickerView.swift; sourceTree = "<group>"; };
		B201585B2A7BC4DD0010A592 /* StickerView.xib */ = {isa = PBXFileReference; lastKnownFileType = file.xib; path = StickerView.xib; sourceTree = "<group>"; };
		B201585E2A7BD4EC0010A592 /* CustomViewCell.swift */ = {isa = PBXFileReference; lastKnownFileType = sourcecode.swift; path = CustomViewCell.swift; sourceTree = "<group>"; };
		B20158602A7BD5060010A592 /* CustomViewCell.xib */ = {isa = PBXFileReference; lastKnownFileType = file.xib; path = CustomViewCell.xib; sourceTree = "<group>"; };
		B205B6812A80FFC100A50C18 /* AnalyticsManager.swift */ = {isa = PBXFileReference; lastKnownFileType = sourcecode.swift; path = AnalyticsManager.swift; sourceTree = "<group>"; };
		B205B6872A810E3F00A50C18 /* GoogleService-Info.plist */ = {isa = PBXFileReference; fileEncoding = 4; lastKnownFileType = text.plist.xml; path = "GoogleService-Info.plist"; sourceTree = "<group>"; };
		B215B8942A78FF290064B483 /* chatCat.app */ = {isa = PBXFileReference; explicitFileType = wrapper.application; includeInIndex = 0; path = chatCat.app; sourceTree = BUILT_PRODUCTS_DIR; };
		B215B8972A78FF290064B483 /* AppDelegate.swift */ = {isa = PBXFileReference; lastKnownFileType = sourcecode.swift; path = AppDelegate.swift; sourceTree = "<group>"; };
		B215B8992A78FF290064B483 /* SceneDelegate.swift */ = {isa = PBXFileReference; lastKnownFileType = sourcecode.swift; path = SceneDelegate.swift; sourceTree = "<group>"; };
		B215B8A02A78FF2C0064B483 /* Assets.xcassets */ = {isa = PBXFileReference; lastKnownFileType = folder.assetcatalog; path = Assets.xcassets; sourceTree = "<group>"; };
		B215B8A32A78FF2C0064B483 /* Base */ = {isa = PBXFileReference; lastKnownFileType = file.storyboard; name = Base; path = Base.lproj/LaunchScreen.storyboard; sourceTree = "<group>"; };
		B215B8A52A78FF2C0064B483 /* Info.plist */ = {isa = PBXFileReference; lastKnownFileType = text.plist.xml; path = Info.plist; sourceTree = "<group>"; };
		B215B8B02A79009A0064B483 /* R.swift */ = {isa = PBXFileReference; lastKnownFileType = sourcecode.swift; path = R.swift; sourceTree = "<group>"; };
		B215B8B32A7900DE0064B483 /* UIColor+Ext.swift */ = {isa = PBXFileReference; lastKnownFileType = sourcecode.swift; path = "UIColor+Ext.swift"; sourceTree = "<group>"; };
		B215B8C82A7924F40064B483 /* TabBarController.swift */ = {isa = PBXFileReference; lastKnownFileType = sourcecode.swift; path = TabBarController.swift; sourceTree = "<group>"; };
		B215B8CA2A7929280064B483 /* ChatViewController.swift */ = {isa = PBXFileReference; lastKnownFileType = sourcecode.swift; path = ChatViewController.swift; sourceTree = "<group>"; };
		B215B8CC2A7929800064B483 /* EmotionsViewController.swift */ = {isa = PBXFileReference; lastKnownFileType = sourcecode.swift; path = EmotionsViewController.swift; sourceTree = "<group>"; };
		B215B8CE2A7929EA0064B483 /* NotesViewController.swift */ = {isa = PBXFileReference; lastKnownFileType = sourcecode.swift; path = NotesViewController.swift; sourceTree = "<group>"; };
		B215B8D02A792A4E0064B483 /* WhistleViewController.swift */ = {isa = PBXFileReference; lastKnownFileType = sourcecode.swift; path = WhistleViewController.swift; sourceTree = "<group>"; };
		B215B8D52A7937ED0064B483 /* WhistleViewController.xib */ = {isa = PBXFileReference; lastKnownFileType = file.xib; path = WhistleViewController.xib; sourceTree = "<group>"; };
		B215B8D72A793FFB0064B483 /* DirectionViewController.swift */ = {isa = PBXFileReference; lastKnownFileType = sourcecode.swift; path = DirectionViewController.swift; sourceTree = "<group>"; };
		B215B8DD2A7940940064B483 /* DirectionViewController.xib */ = {isa = PBXFileReference; lastKnownFileType = file.xib; path = DirectionViewController.xib; sourceTree = "<group>"; };
		B215B8DF2A794C340064B483 /* NotesViewController.xib */ = {isa = PBXFileReference; lastKnownFileType = file.xib; path = NotesViewController.xib; sourceTree = "<group>"; };
		B215B8E12A795DFC0064B483 /* ChatViewController.xib */ = {isa = PBXFileReference; lastKnownFileType = file.xib; path = ChatViewController.xib; sourceTree = "<group>"; };
		B215B8E92A795F3F0064B483 /* UIView+Ext.swift */ = {isa = PBXFileReference; lastKnownFileType = sourcecode.swift; path = "UIView+Ext.swift"; sourceTree = "<group>"; };
		B275F13E2A7FB70F008BBB4A /* StorageManager.swift */ = {isa = PBXFileReference; lastKnownFileType = sourcecode.swift; path = StorageManager.swift; sourceTree = "<group>"; };
		B29740B82A798A5D00DE1785 /* AVArela.ttf */ = {isa = PBXFileReference; lastKnownFileType = file; path = AVArela.ttf; sourceTree = "<group>"; };
		B29740C02A799B1C00DE1785 /* OnbodingPageViewController.swift */ = {isa = PBXFileReference; lastKnownFileType = sourcecode.swift; path = OnbodingPageViewController.swift; sourceTree = "<group>"; };
		B29740C32A7A318B00DE1785 /* SettingsViewController.swift */ = {isa = PBXFileReference; lastKnownFileType = sourcecode.swift; path = SettingsViewController.swift; sourceTree = "<group>"; };
		B29740C52A7A321E00DE1785 /* SettingsViewController.xib */ = {isa = PBXFileReference; lastKnownFileType = file.xib; path = SettingsViewController.xib; sourceTree = "<group>"; };
		B29740C82A7A42EA00DE1785 /* NavBarView.swift */ = {isa = PBXFileReference; lastKnownFileType = sourcecode.swift; path = NavBarView.swift; sourceTree = "<group>"; };
		B29740CB2A7A430200DE1785 /* NavBarView.xib */ = {isa = PBXFileReference; lastKnownFileType = file.xib; path = NavBarView.xib; sourceTree = "<group>"; };
		B29740CD2A7A474400DE1785 /* EmotionsViewController.xib */ = {isa = PBXFileReference; lastKnownFileType = file.xib; path = EmotionsViewController.xib; sourceTree = "<group>"; };
		B29740D12A7A4E4A00DE1785 /* ShadowView.swift */ = {isa = PBXFileReference; lastKnownFileType = sourcecode.swift; path = ShadowView.swift; sourceTree = "<group>"; };
		B29740D32A7A4F1500DE1785 /* ShadowView.xib */ = {isa = PBXFileReference; lastKnownFileType = file.xib; path = ShadowView.xib; sourceTree = "<group>"; };
		B29740D62A7A53C200DE1785 /* EmotionView.swift */ = {isa = PBXFileReference; lastKnownFileType = sourcecode.swift; path = EmotionView.swift; sourceTree = "<group>"; };
		B29740D82A7A552B00DE1785 /* EmotionView.xib */ = {isa = PBXFileReference; lastKnownFileType = file.xib; path = EmotionView.xib; sourceTree = "<group>"; };
		B29740DD2A7A633C00DE1785 /* ViewCollectionCell.swift */ = {isa = PBXFileReference; lastKnownFileType = sourcecode.swift; path = ViewCollectionCell.swift; sourceTree = "<group>"; };
		B29740DF2A7A7A1D00DE1785 /* VoiceViewController.swift */ = {isa = PBXFileReference; lastKnownFileType = sourcecode.swift; path = VoiceViewController.swift; sourceTree = "<group>"; };
		B29740E32A7A7AB500DE1785 /* VoiceViewController.xib */ = {isa = PBXFileReference; lastKnownFileType = file.xib; path = VoiceViewController.xib; sourceTree = "<group>"; };
		B297410F2A7AD26500DE1785 /* OnbordingBaseController.swift */ = {isa = PBXFileReference; lastKnownFileType = sourcecode.swift; path = OnbordingBaseController.swift; sourceTree = "<group>"; };
		B29741112A7AD29300DE1785 /* OnbordingBaseController.xib */ = {isa = PBXFileReference; lastKnownFileType = file.xib; path = OnbordingBaseController.xib; sourceTree = "<group>"; };
		B29C7E7D2A7D04F0007760A8 /* Voices.swift */ = {isa = PBXFileReference; lastKnownFileType = sourcecode.swift; path = Voices.swift; sourceTree = "<group>"; };
		B29C7E802A7D1CEC007760A8 /* AudioManager.swift */ = {isa = PBXFileReference; lastKnownFileType = sourcecode.swift; path = AudioManager.swift; sourceTree = "<group>"; };
		B29C7E822A7D2261007760A8 /* svist.mp3 */ = {isa = PBXFileReference; lastKnownFileType = audio.mp3; path = svist.mp3; sourceTree = "<group>"; };
		B29DF55C2A7E3A7100639777 /* PageControl.xib */ = {isa = PBXFileReference; lastKnownFileType = file.xib; path = PageControl.xib; sourceTree = "<group>"; };
		B29DF55F2A7E3CFF00639777 /* PreviewViewController.swift */ = {isa = PBXFileReference; lastKnownFileType = sourcecode.swift; path = PreviewViewController.swift; sourceTree = "<group>"; };
		B2AF51452A83D335001E0EAB /* PreviewViewController.xib */ = {isa = PBXFileReference; lastKnownFileType = file.xib; path = PreviewViewController.xib; sourceTree = "<group>"; };
		B2E1C9302A839F6500CA00C7 /* 3.m4a */ = {isa = PBXFileReference; lastKnownFileType = file; path = 3.m4a; sourceTree = "<group>"; };
		B2E1C9312A839F6600CA00C7 /* 14.m4a */ = {isa = PBXFileReference; lastKnownFileType = file; path = 14.m4a; sourceTree = "<group>"; };
		B2E1C9322A839F6600CA00C7 /* 10.m4a */ = {isa = PBXFileReference; lastKnownFileType = file; path = 10.m4a; sourceTree = "<group>"; };
		B2E1C9332A839F6600CA00C7 /* 13.m4a */ = {isa = PBXFileReference; lastKnownFileType = file; path = 13.m4a; sourceTree = "<group>"; };
		B2E1C9342A839F6600CA00C7 /* 19.m4a */ = {isa = PBXFileReference; lastKnownFileType = file; path = 19.m4a; sourceTree = "<group>"; };
		B2E1C9352A839F6700CA00C7 /* 20.m4a */ = {isa = PBXFileReference; lastKnownFileType = file; path = 20.m4a; sourceTree = "<group>"; };
		B2E1C9362A839F6700CA00C7 /* 15.m4a */ = {isa = PBXFileReference; lastKnownFileType = file; path = 15.m4a; sourceTree = "<group>"; };
		B2E1C9372A839F6700CA00C7 /* 12.m4a */ = {isa = PBXFileReference; lastKnownFileType = file; path = 12.m4a; sourceTree = "<group>"; };
		B2E1C9382A839F6700CA00C7 /* 6.m4a */ = {isa = PBXFileReference; lastKnownFileType = file; path = 6.m4a; sourceTree = "<group>"; };
		B2E1C9392A839F6800CA00C7 /* 18.m4a */ = {isa = PBXFileReference; lastKnownFileType = file; path = 18.m4a; sourceTree = "<group>"; };
		B2E1C93A2A839F6800CA00C7 /* 16.m4a */ = {isa = PBXFileReference; lastKnownFileType = file; path = 16.m4a; sourceTree = "<group>"; };
		B2E1C93B2A839F6800CA00C7 /* 1.m4a */ = {isa = PBXFileReference; lastKnownFileType = file; path = 1.m4a; sourceTree = "<group>"; };
		B2E1C93C2A839F6800CA00C7 /* 9.m4a */ = {isa = PBXFileReference; lastKnownFileType = file; path = 9.m4a; sourceTree = "<group>"; };
		B2E1C93D2A839F6900CA00C7 /* 4.m4a */ = {isa = PBXFileReference; lastKnownFileType = file; path = 4.m4a; sourceTree = "<group>"; };
		B2E1C93E2A839F6900CA00C7 /* 17.m4a */ = {isa = PBXFileReference; lastKnownFileType = file; path = 17.m4a; sourceTree = "<group>"; };
		B2E1C93F2A839F6900CA00C7 /* 8.m4a */ = {isa = PBXFileReference; lastKnownFileType = file; path = 8.m4a; sourceTree = "<group>"; };
		B2E1C9402A839F6A00CA00C7 /* 7.m4a */ = {isa = PBXFileReference; lastKnownFileType = file; path = 7.m4a; sourceTree = "<group>"; };
		B2E1C9412A839F6A00CA00C7 /* 11.m4a */ = {isa = PBXFileReference; lastKnownFileType = file; path = 11.m4a; sourceTree = "<group>"; };
		B2E1C9422A839F6A00CA00C7 /* 21.m4a */ = {isa = PBXFileReference; lastKnownFileType = file; path = 21.m4a; sourceTree = "<group>"; };
		B2E1C9432A839F6A00CA00C7 /* 5.m4a */ = {isa = PBXFileReference; lastKnownFileType = file; path = 5.m4a; sourceTree = "<group>"; };
		B2E1C9442A839F6B00CA00C7 /* 2.m4a */ = {isa = PBXFileReference; lastKnownFileType = file; path = 2.m4a; sourceTree = "<group>"; };
		B2FE44372A83CFFA000F05FF /* cat_loader.json */ = {isa = PBXFileReference; fileEncoding = 4; lastKnownFileType = text.json; path = cat_loader.json; sourceTree = "<group>"; };
/* End PBXFileReference section */

/* Begin PBXFrameworksBuildPhase section */
		B215B8912A78FF290064B483 /* Frameworks */ = {
			isa = PBXFrameworksBuildPhase;
			buildActionMask = 2147483647;
			files = (
				B205B67D2A80FE7E00A50C18 /* FirebaseAnalyticsSwift in Frameworks */,
				B205B67F2A80FE7E00A50C18 /* FirebaseAnalyticsWithoutAdIdSupport in Frameworks */,
				B205B6792A80FE7E00A50C18 /* FirebaseAnalytics in Frameworks */,
				B205B67B2A80FE7E00A50C18 /* FirebaseAnalyticsOnDeviceConversion in Frameworks */,
				5D284F1411B6A6B9640EB230 /* Pods_chatCat.framework in Frameworks */,
			);
			runOnlyForDeploymentPostprocessing = 0;
		};
/* End PBXFrameworksBuildPhase section */

/* Begin PBXGroup section */
		5D3DF74434ED5FC278C488D8 /* Frameworks */ = {
			isa = PBXGroup;
			children = (
				A6946107FA267C1BA6FF2418 /* Pods_chatCat.framework */,
			);
			name = Frameworks;
			sourceTree = "<group>";
		};
		9DAFE70C03290864F2BA4F12 /* Pods */ = {
			isa = PBXGroup;
			children = (
				8D4039A975D6C08DBBACBDE9 /* Pods-chatCat.debug.xcconfig */,
				2F1D1FE4AB3EE7B62E2DA72A /* Pods-chatCat.release.xcconfig */,
			);
			path = Pods;
			sourceTree = "<group>";
		};
		B20158502A7B8EA30010A592 /* FreeView */ = {
			isa = PBXGroup;
			children = (
				B20158512A7B8EF90010A592 /* StartFreeViewController.swift */,
				B20158532A7B8F500010A592 /* StartFreeViewController.xib */,
			);
			path = FreeView;
			sourceTree = "<group>";
		};
		B20158552A7B91020010A592 /* PageControl */ = {
			isa = PBXGroup;
			children = (
				B20158562A7B912E0010A592 /* PageControl.swift */,
				B29DF55C2A7E3A7100639777 /* PageControl.xib */,
			);
			path = PageControl;
			sourceTree = "<group>";
		};
		B20158582A7BC4B30010A592 /* StickerView */ = {
			isa = PBXGroup;
			children = (
				B20158592A7BC4CB0010A592 /* StickerView.swift */,
				B201585B2A7BC4DD0010A592 /* StickerView.xib */,
			);
			path = StickerView;
			sourceTree = "<group>";
		};
		B201585D2A7BD4D60010A592 /* CustomCell */ = {
			isa = PBXGroup;
			children = (
				B201585E2A7BD4EC0010A592 /* CustomViewCell.swift */,
				B20158602A7BD5060010A592 /* CustomViewCell.xib */,
			);
			path = CustomCell;
			sourceTree = "<group>";
		};
		B205B6802A80FFA000A50C18 /* AnalyticsManager */ = {
			isa = PBXGroup;
			children = (
				B205B6812A80FFC100A50C18 /* AnalyticsManager.swift */,
			);
			path = AnalyticsManager;
			sourceTree = "<group>";
		};
		B20667722A7CD81F000148EC /* DirectionViewController */ = {
			isa = PBXGroup;
			children = (
				B215B8D72A793FFB0064B483 /* DirectionViewController.swift */,
				B215B8DD2A7940940064B483 /* DirectionViewController.xib */,
			);
			path = DirectionViewController;
			sourceTree = "<group>";
		};
		B215B88B2A78FF290064B483 = {
			isa = PBXGroup;
			children = (
				B215B8962A78FF290064B483 /* chatCat */,
				B215B8952A78FF290064B483 /* Products */,
				9DAFE70C03290864F2BA4F12 /* Pods */,
				5D3DF74434ED5FC278C488D8 /* Frameworks */,
			);
			sourceTree = "<group>";
		};
		B215B8952A78FF290064B483 /* Products */ = {
			isa = PBXGroup;
			children = (
				B215B8942A78FF290064B483 /* chatCat.app */,
			);
			name = Products;
			sourceTree = "<group>";
		};
		B215B8962A78FF290064B483 /* chatCat */ = {
			isa = PBXGroup;
			children = (
				B205B6802A80FFA000A50C18 /* AnalyticsManager */,
				B275F13D2A7FB6F0008BBB4A /* StorageManager */,
				B29C7E7F2A7D1CD6007760A8 /* AudioManager */,
				B215B8AC2A78FFCE0064B483 /* Application */,
				B215B8AB2A78FFBF0064B483 /* View */,
				B29C7E7B2A7D04C8007760A8 /* Model */,
				B215B8AF2A79007B0064B483 /* Helpers */,
				B215B8AD2A7900230064B483 /* SupportingFilles */,
			);
			path = chatCat;
			sourceTree = "<group>";
		};
		B215B8AB2A78FFBF0064B483 /* View */ = {
			isa = PBXGroup;
			children = (
				B29740CF2A7A4E2500DE1785 /* CustomView */,
				B215B8C72A7924DD0064B483 /* Navigation */,
				B215B8D32A7937840064B483 /* Controllers */,
			);
			path = View;
			sourceTree = "<group>";
		};
		B215B8AC2A78FFCE0064B483 /* Application */ = {
			isa = PBXGroup;
			children = (
				B215B8972A78FF290064B483 /* AppDelegate.swift */,
				B215B8992A78FF290064B483 /* SceneDelegate.swift */,
			);
			path = Application;
			sourceTree = "<group>";
		};
		B215B8AD2A7900230064B483 /* SupportingFilles */ = {
			isa = PBXGroup;
			children = (
				B215B8A02A78FF2C0064B483 /* Assets.xcassets */,
				B205B6872A810E3F00A50C18 /* GoogleService-Info.plist */,
				B29740B82A798A5D00DE1785 /* AVArela.ttf */,
				B215B8A22A78FF2C0064B483 /* LaunchScreen.storyboard */,
				B215B8A52A78FF2C0064B483 /* Info.plist */,
			);
			path = SupportingFilles;
			sourceTree = "<group>";
		};
		B215B8AE2A79005A0064B483 /* Onbording */ = {
			isa = PBXGroup;
			children = (
				B29DF55E2A7E3CDF00639777 /* Preview */,
				B29740C02A799B1C00DE1785 /* OnbodingPageViewController.swift */,
				B20158502A7B8EA30010A592 /* FreeView */,
				B29741132A7ADD3400DE1785 /* BaseView */,
			);
			path = Onbording;
			sourceTree = "<group>";
		};
		B215B8AF2A79007B0064B483 /* Helpers */ = {
			isa = PBXGroup;
			children = (
				B29740DA2A7A5DF900DE1785 /* Sounds */,
				B215B8B22A7900C70064B483 /* Extension */,
				B215B8B02A79009A0064B483 /* R.swift */,
			);
			path = Helpers;
			sourceTree = "<group>";
		};
		B215B8B22A7900C70064B483 /* Extension */ = {
			isa = PBXGroup;
			children = (
				B215B8B32A7900DE0064B483 /* UIColor+Ext.swift */,
				B215B8E92A795F3F0064B483 /* UIView+Ext.swift */,
			);
			path = Extension;
			sourceTree = "<group>";
		};
		B215B8C72A7924DD0064B483 /* Navigation */ = {
			isa = PBXGroup;
			children = (
				B29740C72A7A42CC00DE1785 /* NavBarView */,
				B215B8C82A7924F40064B483 /* TabBarController.swift */,
			);
			path = Navigation;
			sourceTree = "<group>";
		};
		B215B8D32A7937840064B483 /* Controllers */ = {
			isa = PBXGroup;
			children = (
				B29740C22A7A317800DE1785 /* Settings */,
				B215B8AE2A79005A0064B483 /* Onbording */,
				B215B8DA2A7940160064B483 /* Chat */,
				B215B8D42A79379D0064B483 /* Whistle */,
				B215B8DB2A7940230064B483 /* Emotion */,
				B215B8DC2A79402E0064B483 /* Notes */,
			);
			path = Controllers;
			sourceTree = "<group>";
		};
		B215B8D42A79379D0064B483 /* Whistle */ = {
			isa = PBXGroup;
			children = (
				B215B8D02A792A4E0064B483 /* WhistleViewController.swift */,
				B215B8D52A7937ED0064B483 /* WhistleViewController.xib */,
				B20667722A7CD81F000148EC /* DirectionViewController */,
			);
			path = Whistle;
			sourceTree = "<group>";
		};
		B215B8DA2A7940160064B483 /* Chat */ = {
			isa = PBXGroup;
			children = (
				B215B8CA2A7929280064B483 /* ChatViewController.swift */,
				B215B8E12A795DFC0064B483 /* ChatViewController.xib */,
			);
			path = Chat;
			sourceTree = "<group>";
		};
		B215B8DB2A7940230064B483 /* Emotion */ = {
			isa = PBXGroup;
			children = (
				B215B8CC2A7929800064B483 /* EmotionsViewController.swift */,
				B29740CD2A7A474400DE1785 /* EmotionsViewController.xib */,
				B29740DD2A7A633C00DE1785 /* ViewCollectionCell.swift */,
			);
			path = Emotion;
			sourceTree = "<group>";
		};
		B215B8DC2A79402E0064B483 /* Notes */ = {
			isa = PBXGroup;
			children = (
				B201585D2A7BD4D60010A592 /* CustomCell */,
				B215B8CE2A7929EA0064B483 /* NotesViewController.swift */,
				B215B8DF2A794C340064B483 /* NotesViewController.xib */,
				B29740E12A7A7A9100DE1785 /* VoiceViewController */,
			);
			path = Notes;
			sourceTree = "<group>";
		};
		B275F13D2A7FB6F0008BBB4A /* StorageManager */ = {
			isa = PBXGroup;
			children = (
				B275F13E2A7FB70F008BBB4A /* StorageManager.swift */,
			);
			path = StorageManager;
			sourceTree = "<group>";
		};
		B29740C22A7A317800DE1785 /* Settings */ = {
			isa = PBXGroup;
			children = (
				B29740C32A7A318B00DE1785 /* SettingsViewController.swift */,
				B29740C52A7A321E00DE1785 /* SettingsViewController.xib */,
			);
			path = Settings;
			sourceTree = "<group>";
		};
		B29740C72A7A42CC00DE1785 /* NavBarView */ = {
			isa = PBXGroup;
			children = (
				B29740C82A7A42EA00DE1785 /* NavBarView.swift */,
				B29740CB2A7A430200DE1785 /* NavBarView.xib */,
			);
			path = NavBarView;
			sourceTree = "<group>";
		};
		B29740CF2A7A4E2500DE1785 /* CustomView */ = {
			isa = PBXGroup;
			children = (
				B20158582A7BC4B30010A592 /* StickerView */,
				B20158552A7B91020010A592 /* PageControl */,
				B29740D52A7A533800DE1785 /* EmotionView */,
				B29740D02A7A4E2F00DE1785 /* ShadowView */,
			);
			path = CustomView;
			sourceTree = "<group>";
		};
		B29740D02A7A4E2F00DE1785 /* ShadowView */ = {
			isa = PBXGroup;
			children = (
				B29740D12A7A4E4A00DE1785 /* ShadowView.swift */,
				B29740D32A7A4F1500DE1785 /* ShadowView.xib */,
			);
			path = ShadowView;
			sourceTree = "<group>";
		};
		B29740D52A7A533800DE1785 /* EmotionView */ = {
			isa = PBXGroup;
			children = (
				B29740D62A7A53C200DE1785 /* EmotionView.swift */,
				B29740D82A7A552B00DE1785 /* EmotionView.xib */,
			);
			path = EmotionView;
			sourceTree = "<group>";
		};
		B29740DA2A7A5DF900DE1785 /* Sounds */ = {
			isa = PBXGroup;
			children = (
				B2E1C93B2A839F6800CA00C7 /* 1.m4a */,
				B2E1C9442A839F6B00CA00C7 /* 2.m4a */,
				B2E1C9302A839F6500CA00C7 /* 3.m4a */,
				B2E1C93D2A839F6900CA00C7 /* 4.m4a */,
				B2E1C9432A839F6A00CA00C7 /* 5.m4a */,
				B2E1C9382A839F6700CA00C7 /* 6.m4a */,
				B2E1C9402A839F6A00CA00C7 /* 7.m4a */,
				B2E1C93F2A839F6900CA00C7 /* 8.m4a */,
				B2E1C93C2A839F6800CA00C7 /* 9.m4a */,
				B2E1C9322A839F6600CA00C7 /* 10.m4a */,
				B2E1C9412A839F6A00CA00C7 /* 11.m4a */,
				B2E1C9372A839F6700CA00C7 /* 12.m4a */,
				B2E1C9332A839F6600CA00C7 /* 13.m4a */,
				B2E1C9312A839F6600CA00C7 /* 14.m4a */,
				B2E1C9362A839F6700CA00C7 /* 15.m4a */,
				B2E1C93A2A839F6800CA00C7 /* 16.m4a */,
				B2E1C93E2A839F6900CA00C7 /* 17.m4a */,
				B2E1C9392A839F6800CA00C7 /* 18.m4a */,
				B2E1C9342A839F6600CA00C7 /* 19.m4a */,
				B2E1C9352A839F6700CA00C7 /* 20.m4a */,
				B2E1C9422A839F6A00CA00C7 /* 21.m4a */,
				B29C7E822A7D2261007760A8 /* svist.mp3 */,
			);
			path = Sounds;
			sourceTree = "<group>";
		};
		B29740E12A7A7A9100DE1785 /* VoiceViewController */ = {
			isa = PBXGroup;
			children = (
				B29740DF2A7A7A1D00DE1785 /* VoiceViewController.swift */,
				B29740E32A7A7AB500DE1785 /* VoiceViewController.xib */,
			);
			path = VoiceViewController;
			sourceTree = "<group>";
		};
		B29741132A7ADD3400DE1785 /* BaseView */ = {
			isa = PBXGroup;
			children = (
				B297410F2A7AD26500DE1785 /* OnbordingBaseController.swift */,
				B29741112A7AD29300DE1785 /* OnbordingBaseController.xib */,
			);
			path = BaseView;
			sourceTree = "<group>";
		};
		B29C7E7B2A7D04C8007760A8 /* Model */ = {
			isa = PBXGroup;
			children = (
				B29C7E7D2A7D04F0007760A8 /* Voices.swift */,
			);
			path = Model;
			sourceTree = "<group>";
		};
		B29C7E7F2A7D1CD6007760A8 /* AudioManager */ = {
			isa = PBXGroup;
			children = (
				B29C7E802A7D1CEC007760A8 /* AudioManager.swift */,
			);
			path = AudioManager;
			sourceTree = "<group>";
		};
		B29DF55E2A7E3CDF00639777 /* Preview */ = {
			isa = PBXGroup;
			children = (
				B2FE44372A83CFFA000F05FF /* cat_loader.json */,
				B29DF55F2A7E3CFF00639777 /* PreviewViewController.swift */,
				B2AF51452A83D335001E0EAB /* PreviewViewController.xib */,
			);
			path = Preview;
			sourceTree = "<group>";
		};
/* End PBXGroup section */

/* Begin PBXNativeTarget section */
		B215B8932A78FF290064B483 /* chatCat */ = {
			isa = PBXNativeTarget;
			buildConfigurationList = B215B8A82A78FF2C0064B483 /* Build configuration list for PBXNativeTarget "chatCat" */;
			buildPhases = (
				F0B680DDEB22C7B55DF5881A /* [CP] Check Pods Manifest.lock */,
				B215B8902A78FF290064B483 /* Sources */,
				B215B8912A78FF290064B483 /* Frameworks */,
				B215B8922A78FF290064B483 /* Resources */,
				9D017864F459368A88F0A5FD /* [CP] Embed Pods Frameworks */,
			);
			buildRules = (
			);
			dependencies = (
			);
			name = chatCat;
			packageProductDependencies = (
				B205B6782A80FE7E00A50C18 /* FirebaseAnalytics */,
				B205B67A2A80FE7E00A50C18 /* FirebaseAnalyticsOnDeviceConversion */,
				B205B67C2A80FE7E00A50C18 /* FirebaseAnalyticsSwift */,
				B205B67E2A80FE7E00A50C18 /* FirebaseAnalyticsWithoutAdIdSupport */,
			);
			productName = chatCat;
			productReference = B215B8942A78FF290064B483 /* chatCat.app */;
			productType = "com.apple.product-type.application";
		};
/* End PBXNativeTarget section */

/* Begin PBXProject section */
		B215B88C2A78FF290064B483 /* Project object */ = {
			isa = PBXProject;
			attributes = {
				BuildIndependentTargetsInParallel = 1;
				LastSwiftUpdateCheck = 1430;
				LastUpgradeCheck = 1430;
				TargetAttributes = {
					B215B8932A78FF290064B483 = {
						CreatedOnToolsVersion = 14.3.1;
					};
				};
			};
			buildConfigurationList = B215B88F2A78FF290064B483 /* Build configuration list for PBXProject "chatCat" */;
			compatibilityVersion = "Xcode 14.0";
			developmentRegion = en;
			hasScannedForEncodings = 0;
			knownRegions = (
				en,
				Base,
			);
			mainGroup = B215B88B2A78FF290064B483;
			packageReferences = (
				B205B6772A80FE7E00A50C18 /* XCRemoteSwiftPackageReference "firebase-ios-sdk" */,
			);
			productRefGroup = B215B8952A78FF290064B483 /* Products */;
			projectDirPath = "";
			projectRoot = "";
			targets = (
				B215B8932A78FF290064B483 /* chatCat */,
			);
		};
/* End PBXProject section */

/* Begin PBXResourcesBuildPhase section */
		B215B8922A78FF290064B483 /* Resources */ = {
			isa = PBXResourcesBuildPhase;
			buildActionMask = 2147483647;
			files = (
				B2E1C9552A839F6B00CA00C7 /* 7.m4a in Resources */,
				B2E1C9512A839F6B00CA00C7 /* 9.m4a in Resources */,
				B2E1C94A2A839F6B00CA00C7 /* 20.m4a in Resources */,
				B2AF51462A83D335001E0EAB /* PreviewViewController.xib in Resources */,
				B2E1C9492A839F6B00CA00C7 /* 19.m4a in Resources */,
				B215B8E02A794C340064B483 /* NotesViewController.xib in Resources */,
				B29740CE2A7A474400DE1785 /* EmotionsViewController.xib in Resources */,
				B29740C62A7A321E00DE1785 /* SettingsViewController.xib in Resources */,
				B2E1C94E2A839F6B00CA00C7 /* 18.m4a in Resources */,
				B2E1C9502A839F6B00CA00C7 /* 1.m4a in Resources */,
				B2E1C94B2A839F6B00CA00C7 /* 15.m4a in Resources */,
				B215B8A42A78FF2C0064B483 /* LaunchScreen.storyboard in Resources */,
				B20158612A7BD5060010A592 /* CustomViewCell.xib in Resources */,
				B215B8E22A795DFC0064B483 /* ChatViewController.xib in Resources */,
				B2FE44382A83CFFA000F05FF /* cat_loader.json in Resources */,
				B2E1C9572A839F6B00CA00C7 /* 21.m4a in Resources */,
				B2E1C94C2A839F6B00CA00C7 /* 12.m4a in Resources */,
				B29DF55D2A7E3A7100639777 /* PageControl.xib in Resources */,
				B20158542A7B8F500010A592 /* StartFreeViewController.xib in Resources */,
				B2E1C9532A839F6B00CA00C7 /* 17.m4a in Resources */,
				B29740CC2A7A430200DE1785 /* NavBarView.xib in Resources */,
				B29740D42A7A4F1500DE1785 /* ShadowView.xib in Resources */,
				B2E1C9482A839F6B00CA00C7 /* 13.m4a in Resources */,
				B29C7E832A7D2261007760A8 /* svist.mp3 in Resources */,
				B2E1C9522A839F6B00CA00C7 /* 4.m4a in Resources */,
				B2E1C9542A839F6B00CA00C7 /* 8.m4a in Resources */,
				B2E1C9592A839F6B00CA00C7 /* 2.m4a in Resources */,
				B29740B92A798A5D00DE1785 /* AVArela.ttf in Resources */,
				B2E1C9452A839F6B00CA00C7 /* 3.m4a in Resources */,
				B2E1C9462A839F6B00CA00C7 /* 14.m4a in Resources */,
				B2E1C9562A839F6B00CA00C7 /* 11.m4a in Resources */,
				B2E1C9472A839F6B00CA00C7 /* 10.m4a in Resources */,
				B201585C2A7BC4DD0010A592 /* StickerView.xib in Resources */,
				B29741122A7AD29300DE1785 /* OnbordingBaseController.xib in Resources */,
				B215B8A12A78FF2C0064B483 /* Assets.xcassets in Resources */,
				B215B8D62A7937ED0064B483 /* WhistleViewController.xib in Resources */,
				B29740E42A7A7AB500DE1785 /* VoiceViewController.xib in Resources */,
				B2E1C9582A839F6B00CA00C7 /* 5.m4a in Resources */,
				B2E1C94D2A839F6B00CA00C7 /* 6.m4a in Resources */,
				B29740D92A7A552B00DE1785 /* EmotionView.xib in Resources */,
				B2E1C94F2A839F6B00CA00C7 /* 16.m4a in Resources */,
				B215B8DE2A7940940064B483 /* DirectionViewController.xib in Resources */,
				B205B6882A810E3F00A50C18 /* GoogleService-Info.plist in Resources */,
			);
			runOnlyForDeploymentPostprocessing = 0;
		};
/* End PBXResourcesBuildPhase section */

/* Begin PBXShellScriptBuildPhase section */
		9D017864F459368A88F0A5FD /* [CP] Embed Pods Frameworks */ = {
			isa = PBXShellScriptBuildPhase;
			buildActionMask = 2147483647;
			files = (
			);
			inputFileListPaths = (
				"${PODS_ROOT}/Target Support Files/Pods-chatCat/Pods-chatCat-frameworks-${CONFIGURATION}-input-files.xcfilelist",
			);
			name = "[CP] Embed Pods Frameworks";
			outputFileListPaths = (
				"${PODS_ROOT}/Target Support Files/Pods-chatCat/Pods-chatCat-frameworks-${CONFIGURATION}-output-files.xcfilelist",
			);
			runOnlyForDeploymentPostprocessing = 0;
			shellPath = /bin/sh;
			shellScript = "\"${PODS_ROOT}/Target Support Files/Pods-chatCat/Pods-chatCat-frameworks.sh\"\n";
			showEnvVarsInLog = 0;
		};
		F0B680DDEB22C7B55DF5881A /* [CP] Check Pods Manifest.lock */ = {
			isa = PBXShellScriptBuildPhase;
			buildActionMask = 2147483647;
			files = (
			);
			inputFileListPaths = (
			);
			inputPaths = (
				"${PODS_PODFILE_DIR_PATH}/Podfile.lock",
				"${PODS_ROOT}/Manifest.lock",
			);
			name = "[CP] Check Pods Manifest.lock";
			outputFileListPaths = (
			);
			outputPaths = (
				"$(DERIVED_FILE_DIR)/Pods-chatCat-checkManifestLockResult.txt",
			);
			runOnlyForDeploymentPostprocessing = 0;
			shellPath = /bin/sh;
			shellScript = "diff \"${PODS_PODFILE_DIR_PATH}/Podfile.lock\" \"${PODS_ROOT}/Manifest.lock\" > /dev/null\nif [ $? != 0 ] ; then\n    # print error to STDERR\n    echo \"error: The sandbox is not in sync with the Podfile.lock. Run 'pod install' or update your CocoaPods installation.\" >&2\n    exit 1\nfi\n# This output is used by Xcode 'outputs' to avoid re-running this script phase.\necho \"SUCCESS\" > \"${SCRIPT_OUTPUT_FILE_0}\"\n";
			showEnvVarsInLog = 0;
		};
/* End PBXShellScriptBuildPhase section */

/* Begin PBXSourcesBuildPhase section */
		B215B8902A78FF290064B483 /* Sources */ = {
			isa = PBXSourcesBuildPhase;
			buildActionMask = 2147483647;
			files = (
				B215B8B12A79009A0064B483 /* R.swift in Sources */,
				B215B8C92A7924F40064B483 /* TabBarController.swift in Sources */,
				B29740D72A7A53C200DE1785 /* EmotionView.swift in Sources */,
				B215B8EA2A795F3F0064B483 /* UIView+Ext.swift in Sources */,
				B215B8D82A793FFB0064B483 /* DirectionViewController.swift in Sources */,
				B29C7E7E2A7D04F0007760A8 /* Voices.swift in Sources */,
				B215B8CD2A7929800064B483 /* EmotionsViewController.swift in Sources */,
				B215B8B42A7900DE0064B483 /* UIColor+Ext.swift in Sources */,
				B205B6822A80FFC100A50C18 /* AnalyticsManager.swift in Sources */,
				B20158572A7B912E0010A592 /* PageControl.swift in Sources */,
				B215B8CF2A7929EA0064B483 /* NotesViewController.swift in Sources */,
				B215B8982A78FF290064B483 /* AppDelegate.swift in Sources */,
				B29C7E812A7D1CEC007760A8 /* AudioManager.swift in Sources */,
				B29740C42A7A318B00DE1785 /* SettingsViewController.swift in Sources */,
				B29740D22A7A4E4A00DE1785 /* ShadowView.swift in Sources */,
				B201585F2A7BD4EC0010A592 /* CustomViewCell.swift in Sources */,
				B29740E02A7A7A1D00DE1785 /* VoiceViewController.swift in Sources */,
				B215B89A2A78FF290064B483 /* SceneDelegate.swift in Sources */,
				B215B8D12A792A4E0064B483 /* WhistleViewController.swift in Sources */,
				B29741102A7AD26500DE1785 /* OnbordingBaseController.swift in Sources */,
				B29740C12A799B1C00DE1785 /* OnbodingPageViewController.swift in Sources */,
				B29740C92A7A42EA00DE1785 /* NavBarView.swift in Sources */,
				B275F13F2A7FB70F008BBB4A /* StorageManager.swift in Sources */,
				B201585A2A7BC4CB0010A592 /* StickerView.swift in Sources */,
				B20158522A7B8EF90010A592 /* StartFreeViewController.swift in Sources */,
				B29740DE2A7A633C00DE1785 /* ViewCollectionCell.swift in Sources */,
				B215B8CB2A7929280064B483 /* ChatViewController.swift in Sources */,
				B29DF5602A7E3CFF00639777 /* PreviewViewController.swift in Sources */,
			);
			runOnlyForDeploymentPostprocessing = 0;
		};
/* End PBXSourcesBuildPhase section */

/* Begin PBXVariantGroup section */
		B215B8A22A78FF2C0064B483 /* LaunchScreen.storyboard */ = {
			isa = PBXVariantGroup;
			children = (
				B215B8A32A78FF2C0064B483 /* Base */,
			);
			name = LaunchScreen.storyboard;
			sourceTree = "<group>";
		};
/* End PBXVariantGroup section */

/* Begin XCBuildConfiguration section */
		B215B8A62A78FF2C0064B483 /* Debug */ = {
			isa = XCBuildConfiguration;
			buildSettings = {
				ALWAYS_SEARCH_USER_PATHS = NO;
				CLANG_ANALYZER_NONNULL = YES;
				CLANG_ANALYZER_NUMBER_OBJECT_CONVERSION = YES_AGGRESSIVE;
				CLANG_CXX_LANGUAGE_STANDARD = "gnu++20";
				CLANG_ENABLE_MODULES = YES;
				CLANG_ENABLE_OBJC_ARC = YES;
				CLANG_ENABLE_OBJC_WEAK = YES;
				CLANG_WARN_BLOCK_CAPTURE_AUTORELEASING = YES;
				CLANG_WARN_BOOL_CONVERSION = YES;
				CLANG_WARN_COMMA = YES;
				CLANG_WARN_CONSTANT_CONVERSION = YES;
				CLANG_WARN_DEPRECATED_OBJC_IMPLEMENTATIONS = YES;
				CLANG_WARN_DIRECT_OBJC_ISA_USAGE = YES_ERROR;
				CLANG_WARN_DOCUMENTATION_COMMENTS = YES;
				CLANG_WARN_EMPTY_BODY = YES;
				CLANG_WARN_ENUM_CONVERSION = YES;
				CLANG_WARN_INFINITE_RECURSION = YES;
				CLANG_WARN_INT_CONVERSION = YES;
				CLANG_WARN_NON_LITERAL_NULL_CONVERSION = YES;
				CLANG_WARN_OBJC_IMPLICIT_RETAIN_SELF = YES;
				CLANG_WARN_OBJC_LITERAL_CONVERSION = YES;
				CLANG_WARN_OBJC_ROOT_CLASS = YES_ERROR;
				CLANG_WARN_QUOTED_INCLUDE_IN_FRAMEWORK_HEADER = YES;
				CLANG_WARN_RANGE_LOOP_ANALYSIS = YES;
				CLANG_WARN_STRICT_PROTOTYPES = YES;
				CLANG_WARN_SUSPICIOUS_MOVE = YES;
				CLANG_WARN_UNGUARDED_AVAILABILITY = YES_AGGRESSIVE;
				CLANG_WARN_UNREACHABLE_CODE = YES;
				CLANG_WARN__DUPLICATE_METHOD_MATCH = YES;
				COPY_PHASE_STRIP = NO;
				DEBUG_INFORMATION_FORMAT = dwarf;
				ENABLE_STRICT_OBJC_MSGSEND = YES;
				ENABLE_TESTABILITY = YES;
				GCC_C_LANGUAGE_STANDARD = gnu11;
				GCC_DYNAMIC_NO_PIC = NO;
				GCC_NO_COMMON_BLOCKS = YES;
				GCC_OPTIMIZATION_LEVEL = 0;
				GCC_PREPROCESSOR_DEFINITIONS = (
					"DEBUG=1",
					"$(inherited)",
				);
				GCC_WARN_64_TO_32_BIT_CONVERSION = YES;
				GCC_WARN_ABOUT_RETURN_TYPE = YES_ERROR;
				GCC_WARN_UNDECLARED_SELECTOR = YES;
				GCC_WARN_UNINITIALIZED_AUTOS = YES_AGGRESSIVE;
				GCC_WARN_UNUSED_FUNCTION = YES;
				GCC_WARN_UNUSED_VARIABLE = YES;
				IPHONEOS_DEPLOYMENT_TARGET = 16.4;
				MTL_ENABLE_DEBUG_INFO = INCLUDE_SOURCE;
				MTL_FAST_MATH = YES;
				ONLY_ACTIVE_ARCH = YES;
				SDKROOT = iphoneos;
				SWIFT_ACTIVE_COMPILATION_CONDITIONS = DEBUG;
				SWIFT_OPTIMIZATION_LEVEL = "-Onone";
			};
			name = Debug;
		};
		B215B8A72A78FF2C0064B483 /* Release */ = {
			isa = XCBuildConfiguration;
			buildSettings = {
				ALWAYS_SEARCH_USER_PATHS = NO;
				CLANG_ANALYZER_NONNULL = YES;
				CLANG_ANALYZER_NUMBER_OBJECT_CONVERSION = YES_AGGRESSIVE;
				CLANG_CXX_LANGUAGE_STANDARD = "gnu++20";
				CLANG_ENABLE_MODULES = YES;
				CLANG_ENABLE_OBJC_ARC = YES;
				CLANG_ENABLE_OBJC_WEAK = YES;
				CLANG_WARN_BLOCK_CAPTURE_AUTORELEASING = YES;
				CLANG_WARN_BOOL_CONVERSION = YES;
				CLANG_WARN_COMMA = YES;
				CLANG_WARN_CONSTANT_CONVERSION = YES;
				CLANG_WARN_DEPRECATED_OBJC_IMPLEMENTATIONS = YES;
				CLANG_WARN_DIRECT_OBJC_ISA_USAGE = YES_ERROR;
				CLANG_WARN_DOCUMENTATION_COMMENTS = YES;
				CLANG_WARN_EMPTY_BODY = YES;
				CLANG_WARN_ENUM_CONVERSION = YES;
				CLANG_WARN_INFINITE_RECURSION = YES;
				CLANG_WARN_INT_CONVERSION = YES;
				CLANG_WARN_NON_LITERAL_NULL_CONVERSION = YES;
				CLANG_WARN_OBJC_IMPLICIT_RETAIN_SELF = YES;
				CLANG_WARN_OBJC_LITERAL_CONVERSION = YES;
				CLANG_WARN_OBJC_ROOT_CLASS = YES_ERROR;
				CLANG_WARN_QUOTED_INCLUDE_IN_FRAMEWORK_HEADER = YES;
				CLANG_WARN_RANGE_LOOP_ANALYSIS = YES;
				CLANG_WARN_STRICT_PROTOTYPES = YES;
				CLANG_WARN_SUSPICIOUS_MOVE = YES;
				CLANG_WARN_UNGUARDED_AVAILABILITY = YES_AGGRESSIVE;
				CLANG_WARN_UNREACHABLE_CODE = YES;
				CLANG_WARN__DUPLICATE_METHOD_MATCH = YES;
				COPY_PHASE_STRIP = NO;
				DEBUG_INFORMATION_FORMAT = "dwarf-with-dsym";
				ENABLE_NS_ASSERTIONS = NO;
				ENABLE_STRICT_OBJC_MSGSEND = YES;
				GCC_C_LANGUAGE_STANDARD = gnu11;
				GCC_NO_COMMON_BLOCKS = YES;
				GCC_WARN_64_TO_32_BIT_CONVERSION = YES;
				GCC_WARN_ABOUT_RETURN_TYPE = YES_ERROR;
				GCC_WARN_UNDECLARED_SELECTOR = YES;
				GCC_WARN_UNINITIALIZED_AUTOS = YES_AGGRESSIVE;
				GCC_WARN_UNUSED_FUNCTION = YES;
				GCC_WARN_UNUSED_VARIABLE = YES;
				IPHONEOS_DEPLOYMENT_TARGET = 16.4;
				MTL_ENABLE_DEBUG_INFO = NO;
				MTL_FAST_MATH = YES;
				SDKROOT = iphoneos;
				SWIFT_COMPILATION_MODE = wholemodule;
				SWIFT_OPTIMIZATION_LEVEL = "-O";
				VALIDATE_PRODUCT = YES;
			};
			name = Release;
		};
		B215B8A92A78FF2C0064B483 /* Debug */ = {
			isa = XCBuildConfiguration;
			baseConfigurationReference = 8D4039A975D6C08DBBACBDE9 /* Pods-chatCat.debug.xcconfig */;
			buildSettings = {
				ASSETCATALOG_COMPILER_APPICON_NAME = AppIcon;
				ASSETCATALOG_COMPILER_GLOBAL_ACCENT_COLOR_NAME = AccentColor;
				CODE_SIGN_STYLE = Automatic;
				CURRENT_PROJECT_VERSION = 1;
				DEVELOPMENT_TEAM = LUQ926BAHR;
				GENERATE_INFOPLIST_FILE = YES;
				INFOPLIST_FILE = chatCat/SupportingFilles/Info.plist;
				INFOPLIST_KEY_NSMicrophoneUsageDescription = "Для записи включите микрофон";
				INFOPLIST_KEY_UIApplicationSupportsIndirectInputEvents = YES;
				INFOPLIST_KEY_UILaunchStoryboardName = LaunchScreen;
				INFOPLIST_KEY_UISupportedInterfaceOrientations_iPad = "UIInterfaceOrientationPortrait UIInterfaceOrientationPortraitUpsideDown UIInterfaceOrientationLandscapeLeft UIInterfaceOrientationLandscapeRight";
				INFOPLIST_KEY_UISupportedInterfaceOrientations_iPhone = "UIInterfaceOrientationPortrait UIInterfaceOrientationLandscapeLeft UIInterfaceOrientationLandscapeRight";
				IPHONEOS_DEPLOYMENT_TARGET = 15.6;
				LD_RUNPATH_SEARCH_PATHS = (
					"$(inherited)",
					"@executable_path/Frameworks",
				);
				MARKETING_VERSION = 1.0;
				PRODUCT_BUNDLE_IDENTIFIER = vladShima.chatCat;
				PRODUCT_NAME = "$(TARGET_NAME)";
				SWIFT_EMIT_LOC_STRINGS = YES;
				SWIFT_VERSION = 5.0;
				TARGETED_DEVICE_FAMILY = "1,2";
			};
			name = Debug;
		};
		B215B8AA2A78FF2C0064B483 /* Release */ = {
			isa = XCBuildConfiguration;
			baseConfigurationReference = 2F1D1FE4AB3EE7B62E2DA72A /* Pods-chatCat.release.xcconfig */;
			buildSettings = {
				ASSETCATALOG_COMPILER_APPICON_NAME = AppIcon;
				ASSETCATALOG_COMPILER_GLOBAL_ACCENT_COLOR_NAME = AccentColor;
				CODE_SIGN_STYLE = Automatic;
				CURRENT_PROJECT_VERSION = 1;
				DEVELOPMENT_TEAM = LUQ926BAHR;
				GENERATE_INFOPLIST_FILE = YES;
				INFOPLIST_FILE = chatCat/SupportingFilles/Info.plist;
				INFOPLIST_KEY_NSMicrophoneUsageDescription = "Для записи включите микрофон";
				INFOPLIST_KEY_UIApplicationSupportsIndirectInputEvents = YES;
				INFOPLIST_KEY_UILaunchStoryboardName = LaunchScreen;
				INFOPLIST_KEY_UISupportedInterfaceOrientations_iPad = "UIInterfaceOrientationPortrait UIInterfaceOrientationPortraitUpsideDown UIInterfaceOrientationLandscapeLeft UIInterfaceOrientationLandscapeRight";
				INFOPLIST_KEY_UISupportedInterfaceOrientations_iPhone = "UIInterfaceOrientationPortrait UIInterfaceOrientationLandscapeLeft UIInterfaceOrientationLandscapeRight";
				IPHONEOS_DEPLOYMENT_TARGET = 15.6;
				LD_RUNPATH_SEARCH_PATHS = (
					"$(inherited)",
					"@executable_path/Frameworks",
				);
				MARKETING_VERSION = 1.0;
				PRODUCT_BUNDLE_IDENTIFIER = vladShima.chatCat;
				PRODUCT_NAME = "$(TARGET_NAME)";
				SWIFT_EMIT_LOC_STRINGS = YES;
				SWIFT_VERSION = 5.0;
				TARGETED_DEVICE_FAMILY = "1,2";
			};
			name = Release;
		};
/* End XCBuildConfiguration section */

/* Begin XCConfigurationList section */
		B215B88F2A78FF290064B483 /* Build configuration list for PBXProject "chatCat" */ = {
			isa = XCConfigurationList;
			buildConfigurations = (
				B215B8A62A78FF2C0064B483 /* Debug */,
				B215B8A72A78FF2C0064B483 /* Release */,
			);
			defaultConfigurationIsVisible = 0;
			defaultConfigurationName = Release;
		};
		B215B8A82A78FF2C0064B483 /* Build configuration list for PBXNativeTarget "chatCat" */ = {
			isa = XCConfigurationList;
			buildConfigurations = (
				B215B8A92A78FF2C0064B483 /* Debug */,
				B215B8AA2A78FF2C0064B483 /* Release */,
			);
			defaultConfigurationIsVisible = 0;
			defaultConfigurationName = Release;
		};
/* End XCConfigurationList section */

/* Begin XCRemoteSwiftPackageReference section */
		B205B6772A80FE7E00A50C18 /* XCRemoteSwiftPackageReference "firebase-ios-sdk" */ = {
			isa = XCRemoteSwiftPackageReference;
			repositoryURL = "https://github.com/firebase/firebase-ios-sdk";
			requirement = {
				kind = upToNextMajorVersion;
				minimumVersion = 10.0.0;
			};
		};
/* End XCRemoteSwiftPackageReference section */

/* Begin XCSwiftPackageProductDependency section */
		B205B6782A80FE7E00A50C18 /* FirebaseAnalytics */ = {
			isa = XCSwiftPackageProductDependency;
			package = B205B6772A80FE7E00A50C18 /* XCRemoteSwiftPackageReference "firebase-ios-sdk" */;
			productName = FirebaseAnalytics;
		};
		B205B67A2A80FE7E00A50C18 /* FirebaseAnalyticsOnDeviceConversion */ = {
			isa = XCSwiftPackageProductDependency;
			package = B205B6772A80FE7E00A50C18 /* XCRemoteSwiftPackageReference "firebase-ios-sdk" */;
			productName = FirebaseAnalyticsOnDeviceConversion;
		};
		B205B67C2A80FE7E00A50C18 /* FirebaseAnalyticsSwift */ = {
			isa = XCSwiftPackageProductDependency;
			package = B205B6772A80FE7E00A50C18 /* XCRemoteSwiftPackageReference "firebase-ios-sdk" */;
			productName = FirebaseAnalyticsSwift;
		};
		B205B67E2A80FE7E00A50C18 /* FirebaseAnalyticsWithoutAdIdSupport */ = {
			isa = XCSwiftPackageProductDependency;
			package = B205B6772A80FE7E00A50C18 /* XCRemoteSwiftPackageReference "firebase-ios-sdk" */;
			productName = FirebaseAnalyticsWithoutAdIdSupport;
		};
/* End XCSwiftPackageProductDependency section */
	};
	rootObject = B215B88C2A78FF290064B483 /* Project object */;
}
